
Microsoft Visual Studio Solution File, Format Version 12.00
# Visual Studio Version 17
VisualStudioVersion = 17.7.34024.191
MinimumVisualStudioVersion = 10.0.40219.1
Project("{9A19103F-16F7-4668-BE54-9A1E7A4F7556}") = "ShopsRU.Domain", "ShopsRU.Domain\ShopsRU.Domain.csproj", "{E6CA552D-3DA9-4A17-9E87-9C460CFF8715}"
EndProject
Project("{9A19103F-16F7-4668-BE54-9A1E7A4F7556}") = "ShopsRU.Application", "ShopsRU.Application\ShopsRU.Application.csproj", "{92811815-DA93-4CF2-A173-24AD9A60229B}"
EndProject
Project("{9A19103F-16F7-4668-BE54-9A1E7A4F7556}") = "ShopsRU.Persistence", "ShopsRU.Persistence\ShopsRU.Persistence.csproj", "{FC0045A8-4E0D-4A72-9568-5B2E188FFA48}"
EndProject
Project("{9A19103F-16F7-4668-BE54-9A1E7A4F7556}") = "ShopsRU.Host", "ShopsRU.Host\ShopsRU.Host.csproj", "{D0C62CB7-E9B4-4AA6-99BD-EF7B2149C4B7}"
EndProject
Project("{FAE04EC0-301F-11D3-BF4B-00C04F79EFBC}") = "ShopsRU.Infrastructure", "ShopsRU.Infrastructure\ShopsRU.Infrastructure.csproj", "{F5F05A8E-B4FC-481D-9021-9D1E48946518}"
EndProject
Global
	GlobalSection(SolutionConfigurationPlatforms) = preSolution
		Debug|Any CPU = Debug|Any CPU
		Release|Any CPU = Release|Any CPU
	EndGlobalSection
	GlobalSection(ProjectConfigurationPlatforms) = postSolution
		{E6CA552D-3DA9-4A17-9E87-9C460CFF8715}.Debug|Any CPU.ActiveCfg = Debug|Any CPU
		{E6CA552D-3DA9-4A17-9E87-9C460CFF8715}.Debug|Any CPU.Build.0 = Debug|Any CPU
		{E6CA552D-3DA9-4A17-9E87-9C460CFF8715}.Release|Any CPU.ActiveCfg = Release|Any CPU
		{E6CA552D-3DA9-4A17-9E87-9C460CFF8715}.Release|Any CPU.Build.0 = Release|Any CPU
		{92811815-DA93-4CF2-A173-24AD9A60229B}.Debug|Any CPU.ActiveCfg = Debug|Any CPU
		{92811815-DA93-4CF2-A173-24AD9A60229B}.Debug|Any CPU.Build.0 = Debug|Any CPU
		{92811815-DA93-4CF2-A173-24AD9A60229B}.Release|Any CPU.ActiveCfg = Release|Any CPU
		{92811815-DA93-4CF2-A173-24AD9A60229B}.Release|Any CPU.Build.0 = Release|Any CPU
		{FC0045A8-4E0D-4A72-9568-5B2E188FFA48}.Debug|Any CPU.ActiveCfg = Debug|Any CPU
		{FC0045A8-4E0D-4A72-9568-5B2E188FFA48}.Debug|Any CPU.Build.0 = Debug|Any CPU
		{FC0045A8-4E0D-4A72-9568-5B2E188FFA48}.Release|Any CPU.ActiveCfg = Release|Any CPU
		{FC0045A8-4E0D-4A72-9568-5B2E188FFA48}.Release|Any CPU.Build.0 = Release|Any CPU
		{D0C62CB7-E9B4-4AA6-99BD-EF7B2149C4B7}.Debug|Any CPU.ActiveCfg = Debug|Any CPU
		{D0C62CB7-E9B4-4AA6-99BD-EF7B2149C4B7}.Debug|Any CPU.Build.0 = Debug|Any CPU
		{D0C62CB7-E9B4-4AA6-99BD-EF7B2149C4B7}.Release|Any CPU.ActiveCfg = Release|Any CPU
		{D0C62CB7-E9B4-4AA6-99BD-EF7B2149C4B7}.Release|Any CPU.Build.0 = Release|Any CPU
		{F5F05A8E-B4FC-481D-9021-9D1E48946518}.Debug|Any CPU.ActiveCfg = Debug|Any CPU
		{F5F05A8E-B4FC-481D-9021-9D1E48946518}.Debug|Any CPU.Build.0 = Debug|Any CPU
		{F5F05A8E-B4FC-481D-9021-9D1E48946518}.Release|Any CPU.ActiveCfg = Release|Any CPU
		{F5F05A8E-B4FC-481D-9021-9D1E48946518}.Release|Any CPU.Build.0 = Release|Any CPU
	EndGlobalSection
	GlobalSection(SolutionProperties) = preSolution
		HideSolutionNode = FALSE
	EndGlobalSection
	GlobalSection(ExtensibilityGlobals) = postSolution
		SolutionGuid = {1C4284D2-F8B7-4F19-B2A3-1A11529B092B}
	EndGlobalSection
EndGlobal
